<?xml version="1.0" encoding="utf-8"?>
<Project ToolsVersion="4.0" xmlns="http://schemas.microsoft.com/developer/msbuild/2003">
  <ItemGroup>
    <Filter Include="Source Files">
      <UniqueIdentifier>{4FC737F1-C7A5-4376-A066-2A32D752A2FF}</UniqueIdentifier>
      <Extensions>cpp;c;cc;cxx;def;odl;idl;hpj;bat;asm;asmx</Extensions>
    </Filter>
    <Filter Include="Header Files">
      <UniqueIdentifier>{93995380-89BD-4b04-88EB-625FBE52EBFB}</UniqueIdentifier>
      <Extensions>h;hh;hpp;hxx;hm;inl;inc;xsd</Extensions>
    </Filter>
    <Filter Include="Resource Files">
      <UniqueIdentifier>{67DA6AB6-F800-4c08-8B7A-83BB121AAD01}</UniqueIdentifier>
      <Extensions>rc;ico;cur;bmp;dlg;rc2;rct;bin;rgs;gif;jpg;jpeg;jpe;resx;tiff;tif;png;wav;mfcribbon-ms</Extensions>
    </Filter>
  </ItemGroup>
  <ItemGroup>
    <ClInclude Include="game\lib\ColorConverter.h">
      <Filter>Header Files</Filter>
    </ClInclude>
    <ClInclude Include="game\unit\InventoryManager.h">
      <Filter>Header Files</Filter>
    </ClInclude>
    <ClInclude Include="game\Config.h">
      <Filter>Header Files</Filter>
    </ClInclude>
    <ClInclude Include="game\unit\TownHall.h">
      <Filter>Header Files</Filter>
    </ClInclude>
    <ClInclude Include="game\lib\PriorityQueue.h">
      <Filter>Header Files</Filter>
    </ClInclude>
    <ClInclude Include="game\loaders\MapLoader.h">
      <Filter>Header Files</Filter>
    </ClInclude>
    <ClInclude Include="game\lib\json.h">
      <Filter>Header Files</Filter>
    </ClInclude>
    <ClInclude Include="game\lib\csv.h">
      <Filter>Header Files</Filter>
    </ClInclude>
    <ClInclude Include="game\unit\Peasant.h">
      <Filter>Header Files</Filter>
    </ClInclude>
    <ClInclude Include="game\unit\Unit.h">
      <Filter>Header Files</Filter>
    </ClInclude>
    <ClInclude Include="game\player\Player.h">
      <Filter>Header Files</Filter>
    </ClInclude>
    <ClInclude Include="game\environment\Tilemap.h">
      <Filter>Header Files</Filter>
    </ClInclude>
    <ClInclude Include="game\graphics\GUI.h">
      <Filter>Header Files</Filter>
    </ClInclude>
    <ClInclude Include="game\graphics\Animation.h">
      <Filter>Header Files</Filter>
    </ClInclude>
    <ClInclude Include="game\environment\Tile.h">
      <Filter>Header Files</Filter>
    </ClInclude>
    <ClInclude Include="game\state\BaseState.h">
      <Filter>Header Files</Filter>
    </ClInclude>
    <ClInclude Include="game\state\Walking.h">
      <Filter>Header Files</Filter>
    </ClInclude>
    <ClInclude Include="game\state\Spawning.h">
      <Filter>Header Files</Filter>
    </ClInclude>
    <ClInclude Include="game\state\Harvesting.h">
      <Filter>Header Files</Filter>
    </ClInclude>
    <ClInclude Include="game\state\Despawned.h">
      <Filter>Header Files</Filter>
    </ClInclude>
    <ClInclude Include="game\state\Dead.h">
      <Filter>Header Files</Filter>
    </ClInclude>
    <ClInclude Include="game\state\Combat.h">
      <Filter>Header Files</Filter>
    </ClInclude>
    <ClInclude Include="game\state\Building.h">
      <Filter>Header Files</Filter>
    </ClInclude>
    <ClInclude Include="game\state\Idle.h">
      <Filter>Header Files</Filter>
    </ClInclude>
    <ClInclude Include="game\Constants.h">
      <Filter>Header Files</Filter>
    </ClInclude>
    <ClInclude Include="game\lib\Pathfinder.h">
      <Filter>Header Files</Filter>
    </ClInclude>
    <ClInclude Include="game\Game.h">
      <Filter>Header Files</Filter>
    </ClInclude>
    <ClInclude Include="game\action\BaseAction.h">
      <Filter>Header Files</Filter>
    </ClInclude>
    <ClInclude Include="game\action\RightClickAction.h">
      <Filter>Header Files</Filter>
    </ClInclude>
    <ClInclude Include="game\algorithms\base\Algorithm.h">
      <Filter>Header Files</Filter>
    </ClInclude>
    <ClInclude Include="game\algorithms\RANDOM\AlgoRandom.h">
      <Filter>Header Files</Filter>
    </ClInclude>
    <ClInclude Include="game\proto\TestMessage.pb.h">
      <Filter>Header Files</Filter>
    </ClInclude>
    <ClInclude Include="game\proto\SearchRequest.pb.h">
      <Filter>Header Files</Filter>
    </ClInclude>
    <ClInclude Include="server\Server.h">
      <Filter>Header Files</Filter>
    </ClInclude>
    <ClInclude Include="game\state\StateManager.h">
      <Filter>Header Files</Filter>
    </ClInclude>
  </ItemGroup>
  <ItemGroup>
    <ClCompile Include="game\unit\Peasant.cpp">
      <Filter>Source Files</Filter>
    </ClCompile>
    <ClCompile Include="game\unit\TownHall.cpp">
      <Filter>Source Files</Filter>
    </ClCompile>
    <ClCompile Include="game\unit\InventoryManager.cpp">
      <Filter>Source Files</Filter>
    </ClCompile>
    <ClCompile Include="game\loaders\MapLoader.cpp">
      <Filter>Source Files</Filter>
    </ClCompile>
    <ClCompile Include="game\state\StateManager.cpp">
      <Filter>Source Files</Filter>
    </ClCompile>
    <ClCompile Include="game\graphics\GUI.cpp">
      <Filter>Source Files</Filter>
    </ClCompile>
    <ClCompile Include="game\unit\Unit.cpp">
      <Filter>Source Files</Filter>
    </ClCompile>
    <ClCompile Include="game\state\Combat.cpp">
      <Filter>Source Files</Filter>
    </ClCompile>
    <ClCompile Include="game\graphics\Animation.cpp">
      <Filter>Source Files</Filter>
    </ClCompile>
    <ClCompile Include="game\lib\Pathfinder.cpp">
      <Filter>Source Files</Filter>
    </ClCompile>
    <ClCompile Include="game\state\Harvesting.cpp">
      <Filter>Source Files</Filter>
    </ClCompile>
    <ClCompile Include="game\state\Walking.cpp">
      <Filter>Source Files</Filter>
    </ClCompile>
    <ClCompile Include="game\player\Player.cpp">
      <Filter>Source Files</Filter>
    </ClCompile>
    <ClCompile Include="game\environment\Tilemap.cpp">
      <Filter>Source Files</Filter>
    </ClCompile>
    <ClCompile Include="main.cpp">
      <Filter>Source Files</Filter>
    </ClCompile>
    <ClCompile Include="game\environment\Tile.cpp">
      <Filter>Source Files</Filter>
    </ClCompile>
    <ClCompile Include="game\algorithms\base\Algorithm.cpp">
      <Filter>Source Files</Filter>
    </ClCompile>
    <ClCompile Include="game\algorithms\RANDOM\AlgoRandom.cpp">
      <Filter>Source Files</Filter>
    </ClCompile>
    <ClCompile Include="game\Game.cpp">
      <Filter>Source Files</Filter>
    </ClCompile>
    <ClCompile Include="game\state\Dead.cpp">
      <Filter>Source Files</Filter>
    </ClCompile>
    <ClCompile Include="game\state\Building.cpp">
      <Filter>Source Files</Filter>
    </ClCompile>
    <ClCompile Include="game\state\Spawning.cpp">
      <Filter>Source Files</Filter>
    </ClCompile>
    <ClCompile Include="game\state\BaseState.cpp">
      <Filter>Source Files</Filter>
    </ClCompile>
    <ClCompile Include="game\state\Despawned.cpp">
      <Filter>Source Files</Filter>
    </ClCompile>
    <ClCompile Include="game\action\RightClickAction.cpp">
      <Filter>Source Files</Filter>
    </ClCompile>
    <ClCompile Include="game\state\Idle.cpp">
      <Filter>Source Files</Filter>
    </ClCompile>
    <ClCompile Include="server\Server.cpp">
      <Filter>Source Files</Filter>
    </ClCompile>
  </ItemGroup>
  <ItemGroup>
    <None Include="game\data\maps\contested-4v4.json">
      <Filter>Resource Files</Filter>
    </None>
  </ItemGroup>
</Project>